
Microsoft Visual Studio Solution File, Format Version 12.00
# Visual Studio Version 17
VisualStudioVersion = 17.5.33530.505
MinimumVisualStudioVersion = 10.0.40219.1
Project("{FAE04EC0-301F-11D3-BF4B-00C04F79EFBC}") = "SchoolOfIT.Lab2", "SchoolOfIT.Lab2\SchoolOfIT.Lab2.csproj", "{B1D22B6E-52AF-4E5E-B5C3-35F128D40923}"
EndProject
Global
	GlobalSection(SolutionConfigurationPlatforms) = preSolution
		Debug|Any CPU = Debug|Any CPU
		Release|Any CPU = Release|Any CPU
	EndGlobalSection
	GlobalSection(ProjectConfigurationPlatforms) = postSolution
		{B1D22B6E-52AF-4E5E-B5C3-35F128D40923}.Debug|Any CPU.ActiveCfg = Debug|Any CPU
		{B1D22B6E-52AF-4E5E-B5C3-35F128D40923}.Debug|Any CPU.Build.0 = Debug|Any CPU
		{B1D22B6E-52AF-4E5E-B5C3-35F128D40923}.Release|Any CPU.ActiveCfg = Release|Any CPU
		{B1D22B6E-52AF-4E5E-B5C3-35F128D40923}.Release|Any CPU.Build.0 = Release|Any CPU
	EndGlobalSection
	GlobalSection(SolutionProperties) = preSolution
		HideSolutionNode = FALSE
	EndGlobalSection
	GlobalSection(ExtensibilityGlobals) = postSolution
		SolutionGuid = {EA864060-3C77-4943-95AA-EDD134ED2A73}
	EndGlobalSection
EndGlobal
